
Microsoft Visual Studio Solution File, Format Version 12.00
# Visual Studio Version 16
VisualStudioVersion = 16.0.29324.140
MinimumVisualStudioVersion = 10.0.40219.1
Project("{2150E333-8FDC-42A3-9474-1A3956D46DE8}") = "frameWork", "frameWork", "{B6130386-8928-4C26-9B71-E022B6D68566}"
EndProject
Project("{2150E333-8FDC-42A3-9474-1A3956D46DE8}") = "01.Utilities", "01.Utilities", "{67BE1F9D-828B-40D8-9172-AC1327C4B229}"
EndProject
Project("{2150E333-8FDC-42A3-9474-1A3956D46DE8}") = "02.Core", "02.Core", "{7BFBA62A-1056-4D6E-96B8-C336E3A30F34}"
EndProject
Project("{2150E333-8FDC-42A3-9474-1A3956D46DE8}") = "03.Infra", "03.Infra", "{89E20A5C-2972-4B5D-AC90-0DFE7FAD7741}"
EndProject
Project("{2150E333-8FDC-42A3-9474-1A3956D46DE8}") = "04.EndPoint", "04.EndPoint", "{61BA4CFF-DFDE-4C49-8926-EB758A8A64F0}"
EndProject
Project("{9A19103F-16F7-4668-BE54-9A1E7A4F7556}") = "OKEService.Core.Domain", "OKEService.Core.Domain\OKEService.Core.Domain.csproj", "{0DA0F3B8-2311-48FA-BBA1-7A843291D051}"
EndProject
Project("{9A19103F-16F7-4668-BE54-9A1E7A4F7556}") = "OKEService.Utilities", "OKEService.Utilities\OKEService.Utilities.csproj", "{E9A8AE11-78E4-4B19-A350-6DFC18069F37}"
EndProject
Project("{9A19103F-16F7-4668-BE54-9A1E7A4F7556}") = "OKEService.Core.ApplicationServices", "OKEService.Core.ApplicationServices\OKEService.Core.ApplicationServices.csproj", "{5E60DE47-820E-403C-9505-57E822149F8B}"
EndProject
Project("{9A19103F-16F7-4668-BE54-9A1E7A4F7556}") = "OKEService.Core.Domain.Toolkits", "OKEService.Core.Domain.Toolkits\OKEService.Core.Domain.Toolkits.csproj", "{28590524-9304-4977-9BED-9234646D3E29}"
EndProject
Project("{2150E333-8FDC-42A3-9474-1A3956D46DE8}") = "Data", "Data", "{EDE40EEA-FF0B-46FA-A853-144C3BE865EA}"
EndProject
Project("{2150E333-8FDC-42A3-9474-1A3956D46DE8}") = "Events", "Events", "{BF9F9E11-688C-436B-BB43-C7F6B8FB7153}"
EndProject
Project("{2150E333-8FDC-42A3-9474-1A3956D46DE8}") = "Messaging", "Messaging", "{B486A3AB-928F-454D-BE49-6909143B4FD8}"
EndProject
Project("{2150E333-8FDC-42A3-9474-1A3956D46DE8}") = "Tools", "Tools", "{59307423-0D7F-4253-BDD8-554FB6F09A7C}"
EndProject
Project("{9A19103F-16F7-4668-BE54-9A1E7A4F7556}") = "OKEService.Infra.Events.Outbox", "OKEService.Infra.Events.Outbox\OKEService.Infra.Events.Outbox.csproj", "{84819ACF-E885-4FE5-9E98-F11AA03C5E7E}"
EndProject
Project("{9A19103F-16F7-4668-BE54-9A1E7A4F7556}") = "OKEService.Infra.Events.PoolingPublisher", "OKEService.Infra.Events.PoolingPublisher\OKEService.Infra.Events.PoolingPublisher.csproj", "{E3DA07C5-D26F-4845-867E-0D4B8BFE2E8E}"
EndProject
Project("{9A19103F-16F7-4668-BE54-9A1E7A4F7556}") = "OKEService.Messaging.IdempotentConsumers", "OKEService.Messaging.IdempotentConsumers\OKEService.Messaging.IdempotentConsumers.csproj", "{D18DC6BA-8CEC-4B82-84B0-23BAC158F362}"
EndProject
Project("{9A19103F-16F7-4668-BE54-9A1E7A4F7556}") = "OKEService.Messaging.IdempotentConsumers.Store.Sql", "OKEService.Messaging.IdempotentConsumers.Store.Sql\OKEService.Messaging.IdempotentConsumers.Store.Sql.csproj", "{B05E57E8-C0A4-431D-B630-F3FB141B4B0B}"
EndProject
Project("{9A19103F-16F7-4668-BE54-9A1E7A4F7556}") = "OKEService.Messaging.MessageBus.RabbitMq", "OKEService.Messaging.MessageBus.RabbitMq\OKEService.Messaging.MessageBus.RabbitMq.csproj", "{6C7C2B9D-6894-4490-B505-491D3BF0482E}"
EndProject
Project("{9A19103F-16F7-4668-BE54-9A1E7A4F7556}") = "OKEService.Infra.Localizations.Microsoft", "OKEService.Infra.Localizations.Microsoft\OKEService.Infra.Localizations.Microsoft.csproj", "{51AD8A54-00E7-4F3C-84BD-901C33A52C43}"
EndProject
Project("{9A19103F-16F7-4668-BE54-9A1E7A4F7556}") = "OKEService.Infra.Tools.Caching.Microsoft", "OKEService.Infra.Tools.Caching.Microsoft\OKEService.Infra.Tools.Caching.Microsoft.csproj", "{A6A62776-FAC2-4E18-89E7-1A925D0C4417}"
EndProject
Project("{9A19103F-16F7-4668-BE54-9A1E7A4F7556}") = "OKEService.Infra.Tools.Localizer.Parrot", "OKEService.Infra.Tools.Localizer.Parrot\OKEService.Infra.Tools.Localizer.Parrot.csproj", "{DC803E82-45AA-441F-B8C0-4DE3D4506180}"
EndProject
Project("{9A19103F-16F7-4668-BE54-9A1E7A4F7556}") = "OKEService.Infra.Tools.OM.AutoMapper", "OKEService.Infra.Tools.OM.AutoMapper\OKEService.Infra.Tools.OM.AutoMapper.csproj", "{AFB3F499-85DE-453D-B9FD-060583E6A27B}"
EndProject
Project("{9A19103F-16F7-4668-BE54-9A1E7A4F7556}") = "OKEService.Infra.Data.ChangeInterceptors", "OKEService.Infra.Data.ChangeInterceptors\OKEService.Infra.Data.ChangeInterceptors.csproj", "{EDBBFA67-F92A-40F9-9A46-3FB4D420F7D2}"
EndProject
Project("{9A19103F-16F7-4668-BE54-9A1E7A4F7556}") = "OKEService.Infra.Data.Sql", "OKEService.Infra.Data.Sql\OKEService.Infra.Data.Sql.csproj", "{8CBF65F5-4CAB-44C1-9494-91371FEFC74E}"
EndProject
Project("{9A19103F-16F7-4668-BE54-9A1E7A4F7556}") = "OKEService.Infra.Data.Sql.Commands", "OKEService.Infra.Data.Sql.Commands\OKEService.Infra.Data.Sql.Commands.csproj", "{1727F2A2-F94B-4BB6-AD20-2A13F3E34F69}"
EndProject
Project("{9A19103F-16F7-4668-BE54-9A1E7A4F7556}") = "OKEService.Infra.Data.Sql.Queries", "OKEService.Infra.Data.Sql.Queries\OKEService.Infra.Data.Sql.Queries.csproj", "{4E7B581D-7B56-400E-8B5F-E0722B8722AB}"
EndProject
Project("{9A19103F-16F7-4668-BE54-9A1E7A4F7556}") = "OKEService.EndPoints.Web", "OKEService.EndPoints.Web\OKEService.EndPoints.Web.csproj", "{2FCC7CAB-4129-41CC-AD76-6CF0506FCF7B}"
EndProject
Global
	GlobalSection(SolutionConfigurationPlatforms) = preSolution
		Debug|Any CPU = Debug|Any CPU
		Release|Any CPU = Release|Any CPU
	EndGlobalSection
	GlobalSection(ProjectConfigurationPlatforms) = postSolution
		{0DA0F3B8-2311-48FA-BBA1-7A843291D051}.Debug|Any CPU.ActiveCfg = Debug|Any CPU
		{0DA0F3B8-2311-48FA-BBA1-7A843291D051}.Debug|Any CPU.Build.0 = Debug|Any CPU
		{0DA0F3B8-2311-48FA-BBA1-7A843291D051}.Release|Any CPU.ActiveCfg = Release|Any CPU
		{0DA0F3B8-2311-48FA-BBA1-7A843291D051}.Release|Any CPU.Build.0 = Release|Any CPU
		{E9A8AE11-78E4-4B19-A350-6DFC18069F37}.Debug|Any CPU.ActiveCfg = Debug|Any CPU
		{E9A8AE11-78E4-4B19-A350-6DFC18069F37}.Debug|Any CPU.Build.0 = Debug|Any CPU
		{E9A8AE11-78E4-4B19-A350-6DFC18069F37}.Release|Any CPU.ActiveCfg = Release|Any CPU
		{E9A8AE11-78E4-4B19-A350-6DFC18069F37}.Release|Any CPU.Build.0 = Release|Any CPU
		{5E60DE47-820E-403C-9505-57E822149F8B}.Debug|Any CPU.ActiveCfg = Debug|Any CPU
		{5E60DE47-820E-403C-9505-57E822149F8B}.Debug|Any CPU.Build.0 = Debug|Any CPU
		{5E60DE47-820E-403C-9505-57E822149F8B}.Release|Any CPU.ActiveCfg = Release|Any CPU
		{5E60DE47-820E-403C-9505-57E822149F8B}.Release|Any CPU.Build.0 = Release|Any CPU
		{28590524-9304-4977-9BED-9234646D3E29}.Debug|Any CPU.ActiveCfg = Debug|Any CPU
		{28590524-9304-4977-9BED-9234646D3E29}.Debug|Any CPU.Build.0 = Debug|Any CPU
		{28590524-9304-4977-9BED-9234646D3E29}.Release|Any CPU.ActiveCfg = Release|Any CPU
		{28590524-9304-4977-9BED-9234646D3E29}.Release|Any CPU.Build.0 = Release|Any CPU
		{84819ACF-E885-4FE5-9E98-F11AA03C5E7E}.Debug|Any CPU.ActiveCfg = Debug|Any CPU
		{84819ACF-E885-4FE5-9E98-F11AA03C5E7E}.Debug|Any CPU.Build.0 = Debug|Any CPU
		{84819ACF-E885-4FE5-9E98-F11AA03C5E7E}.Release|Any CPU.ActiveCfg = Release|Any CPU
		{84819ACF-E885-4FE5-9E98-F11AA03C5E7E}.Release|Any CPU.Build.0 = Release|Any CPU
		{E3DA07C5-D26F-4845-867E-0D4B8BFE2E8E}.Debug|Any CPU.ActiveCfg = Debug|Any CPU
		{E3DA07C5-D26F-4845-867E-0D4B8BFE2E8E}.Debug|Any CPU.Build.0 = Debug|Any CPU
		{E3DA07C5-D26F-4845-867E-0D4B8BFE2E8E}.Release|Any CPU.ActiveCfg = Release|Any CPU
		{E3DA07C5-D26F-4845-867E-0D4B8BFE2E8E}.Release|Any CPU.Build.0 = Release|Any CPU
		{D18DC6BA-8CEC-4B82-84B0-23BAC158F362}.Debug|Any CPU.ActiveCfg = Debug|Any CPU
		{D18DC6BA-8CEC-4B82-84B0-23BAC158F362}.Debug|Any CPU.Build.0 = Debug|Any CPU
		{D18DC6BA-8CEC-4B82-84B0-23BAC158F362}.Release|Any CPU.ActiveCfg = Release|Any CPU
		{D18DC6BA-8CEC-4B82-84B0-23BAC158F362}.Release|Any CPU.Build.0 = Release|Any CPU
		{B05E57E8-C0A4-431D-B630-F3FB141B4B0B}.Debug|Any CPU.ActiveCfg = Debug|Any CPU
		{B05E57E8-C0A4-431D-B630-F3FB141B4B0B}.Debug|Any CPU.Build.0 = Debug|Any CPU
		{B05E57E8-C0A4-431D-B630-F3FB141B4B0B}.Release|Any CPU.ActiveCfg = Release|Any CPU
		{B05E57E8-C0A4-431D-B630-F3FB141B4B0B}.Release|Any CPU.Build.0 = Release|Any CPU
		{6C7C2B9D-6894-4490-B505-491D3BF0482E}.Debug|Any CPU.ActiveCfg = Debug|Any CPU
		{6C7C2B9D-6894-4490-B505-491D3BF0482E}.Debug|Any CPU.Build.0 = Debug|Any CPU
		{6C7C2B9D-6894-4490-B505-491D3BF0482E}.Release|Any CPU.ActiveCfg = Release|Any CPU
		{6C7C2B9D-6894-4490-B505-491D3BF0482E}.Release|Any CPU.Build.0 = Release|Any CPU
		{51AD8A54-00E7-4F3C-84BD-901C33A52C43}.Debug|Any CPU.ActiveCfg = Debug|Any CPU
		{51AD8A54-00E7-4F3C-84BD-901C33A52C43}.Debug|Any CPU.Build.0 = Debug|Any CPU
		{51AD8A54-00E7-4F3C-84BD-901C33A52C43}.Release|Any CPU.ActiveCfg = Release|Any CPU
		{51AD8A54-00E7-4F3C-84BD-901C33A52C43}.Release|Any CPU.Build.0 = Release|Any CPU
		{A6A62776-FAC2-4E18-89E7-1A925D0C4417}.Debug|Any CPU.ActiveCfg = Debug|Any CPU
		{A6A62776-FAC2-4E18-89E7-1A925D0C4417}.Debug|Any CPU.Build.0 = Debug|Any CPU
		{A6A62776-FAC2-4E18-89E7-1A925D0C4417}.Release|Any CPU.ActiveCfg = Release|Any CPU
		{A6A62776-FAC2-4E18-89E7-1A925D0C4417}.Release|Any CPU.Build.0 = Release|Any CPU
		{DC803E82-45AA-441F-B8C0-4DE3D4506180}.Debug|Any CPU.ActiveCfg = Debug|Any CPU
		{DC803E82-45AA-441F-B8C0-4DE3D4506180}.Debug|Any CPU.Build.0 = Debug|Any CPU
		{DC803E82-45AA-441F-B8C0-4DE3D4506180}.Release|Any CPU.ActiveCfg = Release|Any CPU
		{DC803E82-45AA-441F-B8C0-4DE3D4506180}.Release|Any CPU.Build.0 = Release|Any CPU
		{AFB3F499-85DE-453D-B9FD-060583E6A27B}.Debug|Any CPU.ActiveCfg = Debug|Any CPU
		{AFB3F499-85DE-453D-B9FD-060583E6A27B}.Debug|Any CPU.Build.0 = Debug|Any CPU
		{AFB3F499-85DE-453D-B9FD-060583E6A27B}.Release|Any CPU.ActiveCfg = Release|Any CPU
		{AFB3F499-85DE-453D-B9FD-060583E6A27B}.Release|Any CPU.Build.0 = Release|Any CPU
		{EDBBFA67-F92A-40F9-9A46-3FB4D420F7D2}.Debug|Any CPU.ActiveCfg = Debug|Any CPU
		{EDBBFA67-F92A-40F9-9A46-3FB4D420F7D2}.Debug|Any CPU.Build.0 = Debug|Any CPU
		{EDBBFA67-F92A-40F9-9A46-3FB4D420F7D2}.Release|Any CPU.ActiveCfg = Release|Any CPU
		{EDBBFA67-F92A-40F9-9A46-3FB4D420F7D2}.Release|Any CPU.Build.0 = Release|Any CPU
		{8CBF65F5-4CAB-44C1-9494-91371FEFC74E}.Debug|Any CPU.ActiveCfg = Debug|Any CPU
		{8CBF65F5-4CAB-44C1-9494-91371FEFC74E}.Debug|Any CPU.Build.0 = Debug|Any CPU
		{8CBF65F5-4CAB-44C1-9494-91371FEFC74E}.Release|Any CPU.ActiveCfg = Release|Any CPU
		{8CBF65F5-4CAB-44C1-9494-91371FEFC74E}.Release|Any CPU.Build.0 = Release|Any CPU
		{1727F2A2-F94B-4BB6-AD20-2A13F3E34F69}.Debug|Any CPU.ActiveCfg = Debug|Any CPU
		{1727F2A2-F94B-4BB6-AD20-2A13F3E34F69}.Debug|Any CPU.Build.0 = Debug|Any CPU
		{1727F2A2-F94B-4BB6-AD20-2A13F3E34F69}.Release|Any CPU.ActiveCfg = Release|Any CPU
		{1727F2A2-F94B-4BB6-AD20-2A13F3E34F69}.Release|Any CPU.Build.0 = Release|Any CPU
		{4E7B581D-7B56-400E-8B5F-E0722B8722AB}.Debug|Any CPU.ActiveCfg = Debug|Any CPU
		{4E7B581D-7B56-400E-8B5F-E0722B8722AB}.Debug|Any CPU.Build.0 = Debug|Any CPU
		{4E7B581D-7B56-400E-8B5F-E0722B8722AB}.Release|Any CPU.ActiveCfg = Release|Any CPU
		{4E7B581D-7B56-400E-8B5F-E0722B8722AB}.Release|Any CPU.Build.0 = Release|Any CPU
		{2FCC7CAB-4129-41CC-AD76-6CF0506FCF7B}.Debug|Any CPU.ActiveCfg = Debug|Any CPU
		{2FCC7CAB-4129-41CC-AD76-6CF0506FCF7B}.Debug|Any CPU.Build.0 = Debug|Any CPU
		{2FCC7CAB-4129-41CC-AD76-6CF0506FCF7B}.Release|Any CPU.ActiveCfg = Release|Any CPU
		{2FCC7CAB-4129-41CC-AD76-6CF0506FCF7B}.Release|Any CPU.Build.0 = Release|Any CPU
	EndGlobalSection
	GlobalSection(SolutionProperties) = preSolution
		HideSolutionNode = FALSE
	EndGlobalSection
	GlobalSection(NestedProjects) = preSolution
		{67BE1F9D-828B-40D8-9172-AC1327C4B229} = {B6130386-8928-4C26-9B71-E022B6D68566}
		{7BFBA62A-1056-4D6E-96B8-C336E3A30F34} = {B6130386-8928-4C26-9B71-E022B6D68566}
		{89E20A5C-2972-4B5D-AC90-0DFE7FAD7741} = {B6130386-8928-4C26-9B71-E022B6D68566}
		{61BA4CFF-DFDE-4C49-8926-EB758A8A64F0} = {B6130386-8928-4C26-9B71-E022B6D68566}
		{0DA0F3B8-2311-48FA-BBA1-7A843291D051} = {7BFBA62A-1056-4D6E-96B8-C336E3A30F34}
		{E9A8AE11-78E4-4B19-A350-6DFC18069F37} = {67BE1F9D-828B-40D8-9172-AC1327C4B229}
		{5E60DE47-820E-403C-9505-57E822149F8B} = {7BFBA62A-1056-4D6E-96B8-C336E3A30F34}
		{28590524-9304-4977-9BED-9234646D3E29} = {7BFBA62A-1056-4D6E-96B8-C336E3A30F34}
		{EDE40EEA-FF0B-46FA-A853-144C3BE865EA} = {89E20A5C-2972-4B5D-AC90-0DFE7FAD7741}
		{BF9F9E11-688C-436B-BB43-C7F6B8FB7153} = {89E20A5C-2972-4B5D-AC90-0DFE7FAD7741}
		{B486A3AB-928F-454D-BE49-6909143B4FD8} = {89E20A5C-2972-4B5D-AC90-0DFE7FAD7741}
		{59307423-0D7F-4253-BDD8-554FB6F09A7C} = {89E20A5C-2972-4B5D-AC90-0DFE7FAD7741}
		{84819ACF-E885-4FE5-9E98-F11AA03C5E7E} = {BF9F9E11-688C-436B-BB43-C7F6B8FB7153}
		{E3DA07C5-D26F-4845-867E-0D4B8BFE2E8E} = {BF9F9E11-688C-436B-BB43-C7F6B8FB7153}
		{D18DC6BA-8CEC-4B82-84B0-23BAC158F362} = {B486A3AB-928F-454D-BE49-6909143B4FD8}
		{B05E57E8-C0A4-431D-B630-F3FB141B4B0B} = {B486A3AB-928F-454D-BE49-6909143B4FD8}
		{6C7C2B9D-6894-4490-B505-491D3BF0482E} = {B486A3AB-928F-454D-BE49-6909143B4FD8}
		{51AD8A54-00E7-4F3C-84BD-901C33A52C43} = {59307423-0D7F-4253-BDD8-554FB6F09A7C}
		{A6A62776-FAC2-4E18-89E7-1A925D0C4417} = {59307423-0D7F-4253-BDD8-554FB6F09A7C}
		{DC803E82-45AA-441F-B8C0-4DE3D4506180} = {59307423-0D7F-4253-BDD8-554FB6F09A7C}
		{AFB3F499-85DE-453D-B9FD-060583E6A27B} = {59307423-0D7F-4253-BDD8-554FB6F09A7C}
		{EDBBFA67-F92A-40F9-9A46-3FB4D420F7D2} = {EDE40EEA-FF0B-46FA-A853-144C3BE865EA}
		{8CBF65F5-4CAB-44C1-9494-91371FEFC74E} = {EDE40EEA-FF0B-46FA-A853-144C3BE865EA}
		{1727F2A2-F94B-4BB6-AD20-2A13F3E34F69} = {EDE40EEA-FF0B-46FA-A853-144C3BE865EA}
		{4E7B581D-7B56-400E-8B5F-E0722B8722AB} = {EDE40EEA-FF0B-46FA-A853-144C3BE865EA}
		{2FCC7CAB-4129-41CC-AD76-6CF0506FCF7B} = {61BA4CFF-DFDE-4C49-8926-EB758A8A64F0}
	EndGlobalSection
	GlobalSection(ExtensibilityGlobals) = postSolution
		SolutionGuid = {FF402CF6-2123-4E38-9780-AF5E6EB81F1B}
	EndGlobalSection
EndGlobal
